
Microsoft Visual Studio Solution File, Format Version 12.00
# Visual Studio Version 17
VisualStudioVersion = 17.11.35303.130
MinimumVisualStudioVersion = 10.0.40219.1
Project("{FAE04EC0-301F-11D3-BF4B-00C04F79EFBC}") = "ConsumidorApis", "ConsumidorApis.csproj", "{14BDF31A-8F33-41FD-9152-B27A14F9349D}"
EndProject
Global
	GlobalSection(SolutionConfigurationPlatforms) = preSolution
		Debug|Any CPU = Debug|Any CPU
		Release|Any CPU = Release|Any CPU
	EndGlobalSection
	GlobalSection(ProjectConfigurationPlatforms) = postSolution
		{14BDF31A-8F33-41FD-9152-B27A14F9349D}.Debug|Any CPU.ActiveCfg = Debug|Any CPU
		{14BDF31A-8F33-41FD-9152-B27A14F9349D}.Debug|Any CPU.Build.0 = Debug|Any CPU
		{14BDF31A-8F33-41FD-9152-B27A14F9349D}.Release|Any CPU.ActiveCfg = Release|Any CPU
		{14BDF31A-8F33-41FD-9152-B27A14F9349D}.Release|Any CPU.Build.0 = Release|Any CPU
	EndGlobalSection
	GlobalSection(SolutionProperties) = preSolution
		HideSolutionNode = FALSE
	EndGlobalSection
	GlobalSection(ExtensibilityGlobals) = postSolution
		SolutionGuid = {0030A7AC-9E82-458E-BEBE-FDA915FB777B}
	EndGlobalSection
EndGlobal
